
Microsoft Visual Studio Solution File, Format Version 12.00
# Visual Studio 2013
VisualStudioVersion = 12.0.21005.1
MinimumVisualStudioVersion = 10.0.40219.1
Project("{FAE04EC0-301F-11D3-BF4B-00C04F79EFBC}") = "ProjectC", "ProjectC\ProjectC.csproj", "{FE40A77C-82B8-456F-8556-5DFB2D10B47B}"
EndProject
Global
	GlobalSection(SolutionConfigurationPlatforms) = preSolution
		Debug|Any CPU = Debug|Any CPU
		Release|Any CPU = Release|Any CPU
	EndGlobalSection
	GlobalSection(ProjectConfigurationPlatforms) = postSolution
		{FE40A77C-82B8-456F-8556-5DFB2D10B47B}.Debug|Any CPU.ActiveCfg = Debug|Any CPU
		{FE40A77C-82B8-456F-8556-5DFB2D10B47B}.Debug|Any CPU.Build.0 = Debug|Any CPU
		{FE40A77C-82B8-456F-8556-5DFB2D10B47B}.Release|Any CPU.ActiveCfg = Release|Any CPU
		{FE40A77C-82B8-456F-8556-5DFB2D10B47B}.Release|Any CPU.Build.0 = Release|Any CPU
	EndGlobalSection
	GlobalSection(SolutionProperties) = preSolution
		HideSolutionNode = FALSE
	EndGlobalSection
EndGlobal
